// !$*UTF8*$!
{
	archiveVersion = 1;
	classes = {
	};
	objectVersion = 46;
	objects = {

/* Begin PBXBuildFile section */
		3F183F071B7D82BE0046C8FB /* main.m in Sources */ = {isa = PBXBuildFile; fileRef = 3F183F061B7D82BE0046C8FB /* main.m */; };
		3F183F0A1B7D82BE0046C8FB /* AppDelegate.m in Sources */ = {isa = PBXBuildFile; fileRef = 3F183F091B7D82BE0046C8FB /* AppDelegate.m */; };
		3F183F0D1B7D82BE0046C8FB /* ViewController.m in Sources */ = {isa = PBXBuildFile; fileRef = 3F183F0C1B7D82BE0046C8FB /* ViewController.m */; };
		3F183F101B7D82BE0046C8FB /* Main.storyboard in Resources */ = {isa = PBXBuildFile; fileRef = 3F183F0E1B7D82BE0046C8FB /* Main.storyboard */; };
		3F183F121B7D82BE0046C8FB /* Images.xcassets in Resources */ = {isa = PBXBuildFile; fileRef = 3F183F111B7D82BE0046C8FB /* Images.xcassets */; };
		3F183F151B7D82BE0046C8FB /* LaunchScreen.xib in Resources */ = {isa = PBXBuildFile; fileRef = 3F183F131B7D82BE0046C8FB /* LaunchScreen.xib */; };
		3F183F211B7D82BE0046C8FB /* lanou02Tests.m in Sources */ = {isa = PBXBuildFile; fileRef = 3F183F201B7D82BE0046C8FB /* lanou02Tests.m */; };
/* End PBXBuildFile section */

/* Begin PBXContainerItemProxy section */
		3F183F1B1B7D82BE0046C8FB /* PBXContainerItemProxy */ = {
			isa = PBXContainerItemProxy;
			containerPortal = 3F183EF91B7D82BE0046C8FB /* Project object */;
			proxyType = 1;
			remoteGlobalIDString = 3F183F001B7D82BE0046C8FB;
			remoteInfo = lanou02;
		};
/* End PBXContainerItemProxy section */

/* Begin PBXFileReference section */
		3F183F011B7D82BE0046C8FB /* lanou02.app */ = {isa = PBXFileReference; explicitFileType = wrapper.application; includeInIndex = 0; path = lanou02.app; sourceTree = BUILT_PRODUCTS_DIR; };
		3F183F051B7D82BE0046C8FB /* Info.plist */ = {isa = PBXFileReference; lastKnownFileType = text.plist.xml; path = Info.plist; sourceTree = "<group>"; };
		3F183F061B7D82BE0046C8FB /* main.m */ = {isa = PBXFileReference; lastKnownFileType = sourcecode.c.objc; path = main.m; sourceTree = "<group>"; };
		3F183F081B7D82BE0046C8FB /* AppDelegate.h */ = {isa = PBXFileReference; lastKnownFileType = sourcecode.c.h; path = AppDelegate.h; sourceTree = "<group>"; };
		3F183F091B7D82BE0046C8FB /* AppDelegate.m */ = {isa = PBXFileReference; lastKnownFileType = sourcecode.c.objc; path = AppDelegate.m; sourceTree = "<group>"; };
		3F183F0B1B7D82BE0046C8FB /* ViewController.h */ = {isa = PBXFileReference; lastKnownFileType = sourcecode.c.h; path = ViewController.h; sourceTree = "<group>"; };
		3F183F0C1B7D82BE0046C8FB /* ViewController.m */ = {isa = PBXFileReference; lastKnownFileType = sourcecode.c.objc; path = ViewController.m; sourceTree = "<group>"; };
		3F183F0F1B7D82BE0046C8FB /* Base */ = {isa = PBXFileReference; lastKnownFileType = file.storyboard; name = Base; path = Base.lproj/Main.storyboard; sourceTree = "<group>"; };
		3F183F111B7D82BE0046C8FB /* Images.xcassets */ = {isa = PBXFileReference; lastKnownFileType = folder.assetcatalog; path = Images.xcassets; sourceTree = "<group>"; };
		3F183F141B7D82BE0046C8FB /* Base */ = {isa = PBXFileReference; lastKnownFileType = file.xib; name = Base; path = Base.lproj/LaunchScreen.xib; sourceTree = "<group>"; };
		3F183F1A1B7D82BE0046C8FB /* lanou02Tests.xctest */ = {isa = PBXFileReference; explicitFileType = wrapper.cfbundle; includeInIndex = 0; path = lanou02Tests.xctest; sourceTree = BUILT_PRODUCTS_DIR; };
		3F183F1F1B7D82BE0046C8FB /* Info.plist */ = {isa = PBXFileReference; lastKnownFileType = text.plist.xml; path = Info.plist; sourceTree = "<group>"; };
		3F183F201B7D82BE0046C8FB /* lanou02Tests.m */ = {isa = PBXFileReference; lastKnownFileType = sourcecode.c.objc; path = lanou02Tests.m; sourceTree = "<group>"; };
/* End PBXFileReference section */

/* Begin PBXFrameworksBuildPhase section */
		3F183EFE1B7D82BE0046C8FB /* Frameworks */ = {
			isa = PBXFrameworksBuildPhase;
			buildActionMask = 2147483647;
			files = (
			);
			runOnlyForDeploymentPostprocessing = 0;
		};
		3F183F171B7D82BE0046C8FB /* Frameworks */ = {
			isa = PBXFrameworksBuildPhase;
			buildActionMask = 2147483647;
			files = (
			);
			runOnlyForDeploymentPostprocessing = 0;
		};
/* End PBXFrameworksBuildPhase section */

/* Begin PBXGroup section */
		3F183EF81B7D82BE0046C8FB = {
			isa = PBXGroup;
			children = (
				3F183F031B7D82BE0046C8FB /* lanou02 */,
				3F183F1D1B7D82BE0046C8FB /* lanou02Tests */,
				3F183F021B7D82BE0046C8FB /* Products */,
			);
			sourceTree = "<group>";
		};
		3F183F021B7D82BE0046C8FB /* Products */ = {
			isa = PBXGroup;
			children = (
				3F183F011B7D82BE0046C8FB /* lanou02.app */,
				3F183F1A1B7D82BE0046C8FB /* lanou02Tests.xctest */,
			);
			name = Products;
			sourceTree = "<group>";
		};
		3F183F031B7D82BE0046C8FB /* lanou02 */ = {
			isa = PBXGroup;
			children = (
				3F183F081B7D82BE0046C8FB /* AppDelegate.h */,
				3F183F091B7D82BE0046C8FB /* AppDelegate.m */,
				3F183F0B1B7D82BE0046C8FB /* ViewController.h */,
				3F183F0C1B7D82BE0046C8FB /* ViewController.m */,
				3F183F0E1B7D82BE0046C8FB /* Main.storyboard */,
				3F183F111B7D82BE0046C8FB /* Images.xcassets */,
				3F183F131B7D82BE0046C8FB /* LaunchScreen.xib */,
				3F183F041B7D82BE0046C8FB /* Supporting Files */,
			);
			path = lanou02;
			sourceTree = "<group>";
		};
		3F183F041B7D82BE0046C8FB /* Supporting Files */ = {
			isa = PBXGroup;
			children = (
				3F183F051B7D82BE0046C8FB /* Info.plist */,
				3F183F061B7D82BE0046C8FB /* main.m */,
			);
			name = "Supporting Files";
			sourceTree = "<group>";
		};
		3F183F1D1B7D82BE0046C8FB /* lanou02Tests */ = {
			isa = PBXGroup;
			children = (
				3F183F201B7D82BE0046C8FB /* lanou02Tests.m */,
				3F183F1E1B7D82BE0046C8FB /* Supporting Files */,
			);
			path = lanou02Tests;
			sourceTree = "<group>";
		};
		3F183F1E1B7D82BE0046C8FB /* Supporting Files */ = {
			isa = PBXGroup;
			children = (
				3F183F1F1B7D82BE0046C8FB /* Info.plist */,
			);
			name = "Supporting Files";
			sourceTree = "<group>";
		};
/* End PBXGroup section */

/* Begin PBXNativeTarget section */
		3F183F001B7D82BE0046C8FB /* lanou02 */ = {
			isa = PBXNativeTarget;
			buildConfigurationList = 3F183F241B7D82BE0046C8FB /* Build configuration list for PBXNativeTarget "lanou02" */;
			buildPhases = (
				3F183EFD1B7D82BE0046C8FB /* Sources */,
				3F183EFE1B7D82BE0046C8FB /* Frameworks */,
				3F183EFF1B7D82BE0046C8FB /* Resources */,
			);
			buildRules = (
			);
			dependencies = (
			);
			name = lanou02;
			productName = lanou02;
			productReference = 3F183F011B7D82BE0046C8FB /* lanou02.app */;
			productType = "com.apple.product-type.application";
		};
		3F183F191B7D82BE0046C8FB /* lanou02Tests */ = {
			isa = PBXNativeTarget;
			buildConfigurationList = 3F183F271B7D82BE0046C8FB /* Build configuration list for PBXNativeTarget "lanou02Tests" */;
			buildPhases = (
				3F183F161B7D82BE0046C8FB /* Sources */,
				3F183F171B7D82BE0046C8FB /* Frameworks */,
				3F183F181B7D82BE0046C8FB /* Resources */,
			);
			buildRules = (
			);
			dependencies = (
				3F183F1C1B7D82BE0046C8FB /* PBXTargetDependency */,
			);
			name = lanou02Tests;
			productName = lanou02Tests;
			productReference = 3F183F1A1B7D82BE0046C8FB /* lanou02Tests.xctest */;
			productType = "com.apple.product-type.bundle.unit-test";
		};
/* End PBXNativeTarget section */

/* Begin PBXProject section */
		3F183EF91B7D82BE0046C8FB /* Project object */ = {
			isa = PBXProject;
			attributes = {
				LastUpgradeCheck = 0620;
				ORGANIZATIONNAME = abc;
				TargetAttributes = {
					3F183F001B7D82BE0046C8FB = {
						CreatedOnToolsVersion = 6.2;
					};
					3F183F191B7D82BE0046C8FB = {
						CreatedOnToolsVersion = 6.2;
						TestTargetID = 3F183F001B7D82BE0046C8FB;
					};
				};
			};
			buildConfigurationList = 3F183EFC1B7D82BE0046C8FB /* Build configuration list for PBXProject "lanou02" */;
			compatibilityVersion = "Xcode 3.2";
			developmentRegion = English;
			hasScannedForEncodings = 0;
			knownRegions = (
				en,
				Base,
			);
			mainGroup = 3F183EF81B7D82BE0046C8FB;
			productRefGroup = 3F183F021B7D82BE0046C8FB /* Products */;
			projectDirPath = "";
			projectRoot = "";
			targets = (
				3F183F001B7D82BE0046C8FB /* lanou02 */,
				3F183F191B7D82BE0046C8FB /* lanou02Tests */,
			);
		};
/* End PBXProject section */

/* Begin PBXResourcesBuildPhase section */
		3F183EFF1B7D82BE0046C8FB /* Resources */ = {
			isa = PBXResourcesBuildPhase;
			buildActionMask = 2147483647;
			files = (
				3F183F101B7D82BE0046C8FB /* Main.storyboard in Resources */,
				3F183F151B7D82BE0046C8FB /* LaunchScreen.xib in Resources */,
				3F183F121B7D82BE0046C8FB /* Images.xcassets in Resources */,
			);
			runOnlyForDeploymentPostprocessing = 0;
		};
		3F183F181B7D82BE0046C8FB /* Resources */ = {
			isa = PBXResourcesBuildPhase;
			buildActionMask = 2147483647;
			files = (
			);
			runOnlyForDeploymentPostprocessing = 0;
		};
/* End PBXResourcesBuildPhase section */

/* Begin PBXSourcesBuildPhase section */
		3F183EFD1B7D82BE0046C8FB /* Sources */ = {
			isa = PBXSourcesBuildPhase;
			buildActionMask = 2147483647;
			files = (
				3F183F0D1B7D82BE0046C8FB /* ViewController.m in Sources */,
				3F183F0A1B7D82BE0046C8FB /* AppDelegate.m in Sources */,
				3F183F071B7D82BE0046C8FB /* main.m in Sources */,
			);
			runOnlyForDeploymentPostprocessing = 0;
		};
		3F183F161B7D82BE0046C8FB /* Sources */ = {
			isa = PBXSourcesBuildPhase;
			buildActionMask = 2147483647;
			files = (
				3F183F211B7D82BE0046C8FB /* lanou02Tests.m in Sources */,
			);
			runOnlyForDeploymentPostprocessing = 0;
		};
/* End PBXSourcesBuildPhase section */

/* Begin PBXTargetDependency section */
		3F183F1C1B7D82BE0046C8FB /* PBXTargetDependency */ = {
			isa = PBXTargetDependency;
			target = 3F183F001B7D82BE0046C8FB /* lanou02 */;
			targetProxy = 3F183F1B1B7D82BE0046C8FB /* PBXContainerItemProxy */;
		};
/* End PBXTargetDependency section */

/* Begin PBXVariantGroup section */
		3F183F0E1B7D82BE0046C8FB /* Main.storyboard */ = {
			isa = PBXVariantGroup;
			children = (
				3F183F0F1B7D82BE0046C8FB /* Base */,
			);
			name = Main.storyboard;
			sourceTree = "<group>";
		};
		3F183F131B7D82BE0046C8FB /* LaunchScreen.xib */ = {
			isa = PBXVariantGroup;
			children = (
				3F183F141B7D82BE0046C8FB /* Base */,
			);
			name = LaunchScreen.xib;
			sourceTree = "<group>";
		};
/* End PBXVariantGroup section */

/* Begin XCBuildConfiguration section */
		3F183F221B7D82BE0046C8FB /* Debug */ = {
			isa = XCBuildConfiguration;
			buildSettings = {
				ALWAYS_SEARCH_USER_PATHS = NO;
				CLANG_CXX_LANGUAGE_STANDARD = "gnu++0x";
				CLANG_CXX_LIBRARY = "libc++";
				CLANG_ENABLE_MODULES = YES;
				CLANG_ENABLE_OBJC_ARC = YES;
				CLANG_WARN_BOOL_CONVERSION = YES;
				CLANG_WARN_CONSTANT_CONVERSION = YES;
				CLANG_WARN_DIRECT_OBJC_ISA_USAGE = YES_ERROR;
				CLANG_WARN_EMPTY_BODY = YES;
				CLANG_WARN_ENUM_CONVERSION = YES;
				CLANG_WARN_INT_CONVERSION = YES;
				CLANG_WARN_OBJC_ROOT_CLASS = YES_ERROR;
				CLANG_WARN_UNREACHABLE_CODE = YES;
				CLANG_WARN__DUPLICATE_METHOD_MATCH = YES;
				"CODE_SIGN_IDENTITY[sdk=iphoneos*]" = "iPhone Developer";
				COPY_PHASE_STRIP = NO;
				ENABLE_STRICT_OBJC_MSGSEND = YES;
				GCC_C_LANGUAGE_STANDARD = gnu99;
				GCC_DYNAMIC_NO_PIC = NO;
				GCC_OPTIMIZATION_LEVEL = 0;
				GCC_PREPROCESSOR_DEFINITIONS = (
					"DEBUG=1",
					"$(inherited)",
				);
				GCC_SYMBOLS_PRIVATE_EXTERN = NO;
				GCC_WARN_64_TO_32_BIT_CONVERSION = YES;
				GCC_WARN_ABOUT_RETURN_TYPE = YES_ERROR;
				GCC_WARN_UNDECLARED_SELECTOR = YES;
				GCC_WARN_UNINITIALIZED_AUTOS = YES_AGGRESSIVE;
				GCC_WARN_UNUSED_FUNCTION = YES;
				GCC_WARN_UNUSED_VARIABLE = YES;
				IPHONEOS_DEPLOYMENT_TARGET = 8.2;
				MTL_ENABLE_DEBUG_INFO = YES;
				ONLY_ACTIVE_ARCH = YES;
				SDKROOT = iphoneos;
			};
			name = Debug;
		};
		3F183F231B7D82BE0046C8FB /* Release */ = {
			isa = XCBuildConfiguration;
			buildSettings = {
				ALWAYS_SEARCH_USER_PATHS = NO;
				CLANG_CXX_LANGUAGE_STANDARD = "gnu++0x";
				CLANG_CXX_LIBRARY = "libc++";
				CLANG_ENABLE_MODULES = YES;
				CLANG_ENABLE_OBJC_ARC = YES;
				CLANG_WARN_BOOL_CONVERSION = YES;
				CLANG_WARN_CONSTANT_CONVERSION = YES;
				CLANG_WARN_DIRECT_OBJC_ISA_USAGE = YES_ERROR;
				CLANG_WARN_EMPTY_BODY = YES;
				CLANG_WARN_ENUM_CONVERSION = YES;
				CLANG_WARN_INT_CONVERSION = YES;
				CLANG_WARN_OBJC_ROOT_CLASS = YES_ERROR;
				CLANG_WARN_UNREACHABLE_CODE = YES;
				CLANG_WARN__DUPLICATE_METHOD_MATCH = YES;
				"CODE_SIGN_IDENTITY[sdk=iphoneos*]" = "iPhone Developer";
				COPY_PHASE_STRIP = NO;
				ENABLE_NS_ASSERTIONS = NO;
				ENABLE_STRICT_OBJC_MSGSEND = YES;
				GCC_C_LANGUAGE_STANDARD = gnu99;
				GCC_WARN_64_TO_32_BIT_CONVERSION = YES;
				GCC_WARN_ABOUT_RETURN_TYPE = YES_ERROR;
				GCC_WARN_UNDECLARED_SELECTOR = YES;
				GCC_WARN_UNINITIALIZED_AUTOS = YES_AGGRESSIVE;
				GCC_WARN_UNUSED_FUNCTION = YES;
				GCC_WARN_UNUSED_VARIABLE = YES;
				IPHONEOS_DEPLOYMENT_TARGET = 8.2;
				MTL_ENABLE_DEBUG_INFO = NO;
				SDKROOT = iphoneos;
				VALIDATE_PRODUCT = YES;
			};
			name = Release;
		};
		3F183F251B7D82BE0046C8FB /* Debug */ = {
			isa = XCBuildConfiguration;
			buildSettings = {
				ASSETCATALOG_COMPILER_APPICON_NAME = AppIcon;
				INFOPLIST_FILE = lanou02/Info.plist;
				LD_RUNPATH_SEARCH_PATHS = "$(inherited) @executable_path/Frameworks";
				PRODUCT_NAME = "$(TARGET_NAME)";
			};
			name = Debug;
		};
		3F183F261B7D82BE0046C8FB /* Release */ = {
			isa = XCBuildConfiguration;
			buildSettings = {
				ASSETCATALOG_COMPILER_APPICON_NAME = AppIcon;
				INFOPLIST_FILE = lanou02/Info.plist;
				LD_RUNPATH_SEARCH_PATHS = "$(inherited) @executable_path/Frameworks";
				PRODUCT_NAME = "$(TARGET_NAME)";
			};
			name = Release;
		};
		3F183F281B7D82BE0046C8FB /* Debug */ = {
			isa = XCBuildConfiguration;
			buildSettings = {
				BUNDLE_LOADER = "$(TEST_HOST)";
				FRAMEWORK_SEARCH_PATHS = (
					"$(SDKROOT)/Developer/Library/Frameworks",
					"$(inherited)",
				);
				GCC_PREPROCESSOR_DEFINITIONS = (
					"DEBUG=1",
					"$(inherited)",
				);
				INFOPLIST_FILE = lanou02Tests/Info.plist;
				LD_RUNPATH_SEARCH_PATHS = "$(inherited) @executable_path/Frameworks @loader_path/Frameworks";
				PRODUCT_NAME = "$(TARGET_NAME)";
				TEST_HOST = "$(BUILT_PRODUCTS_DIR)/lanou02.app/lanou02";
			};
			name = Debug;
		};
		3F183F291B7D82BE0046C8FB /* Release */ = {
			isa = XCBuildConfiguration;
			buildSettings = {
				BUNDLE_LOADER = "$(TEST_HOST)";
				FRAMEWORK_SEARCH_PATHS = (
					"$(SDKROOT)/Developer/Library/Frameworks",
					"$(inherited)",
				);
				INFOPLIST_FILE = lanou02Tests/Info.plist;
				LD_RUNPATH_SEARCH_PATHS = "$(inherited) @executable_path/Frameworks @loader_path/Frameworks";
				PRODUCT_NAME = "$(TARGET_NAME)";
				TEST_HOST = "$(BUILT_PRODUCTS_DIR)/lanou02.app/lanou02";
			};
			name = Release;
		};
/* End XCBuildConfiguration section */

/* Begin XCConfigurationList section */
		3F183EFC1B7D82BE0046C8FB /* Build configuration list for PBXProject "lanou02" */ = {
			isa = XCConfigurationList;
			buildConfigurations = (
				3F183F221B7D82BE0046C8FB /* Debug */,
				3F183F231B7D82BE0046C8FB /* Release */,
			);
			defaultConfigurationIsVisible = 0;
			defaultConfigurationName = Release;
		};
		3F183F241B7D82BE0046C8FB /* Build configuration list for PBXNativeTarget "lanou02" */ = {
			isa = XCConfigurationList;
			buildConfigurations = (
				3F183F251B7D82BE0046C8FB /* Debug */,
				3F183F261B7D82BE0046C8FB /* Release */,
			);
			defaultConfigurationIsVisible = 0;
		};
		3F183F271B7D82BE0046C8FB /* Build configuration list for PBXNativeTarget "lanou02Tests" */ = {
			isa = XCConfigurationList;
			buildConfigurations = (
				3F183F281B7D82BE0046C8FB /* Debug */,
				3F183F291B7D82BE0046C8FB /* Release */,
			);
			defaultConfigurationIsVisible = 0;
		};
/* End XCConfigurationList section */
	};
	rootObject = 3F183EF91B7D82BE0046C8FB /* Project object */;
}
